
Microsoft Visual Studio Solution File, Format Version 12.00
# Visual Studio Version 17
VisualStudioVersion = 17.7.34031.279
MinimumVisualStudioVersion = 10.0.40219.1
Project("{888888A0-9F3D-457C-B088-3A5042F75D52}") = "LetterCounts", "LetterCounts\LetterCounts.pyproj", "{5A725B46-562B-445B-A4B4-D4D6AD3EC99E}"
EndProject
Global
	GlobalSection(SolutionConfigurationPlatforms) = preSolution
		Debug|Any CPU = Debug|Any CPU
		Release|Any CPU = Release|Any CPU
	EndGlobalSection
	GlobalSection(ProjectConfigurationPlatforms) = postSolution
		{5A725B46-562B-445B-A4B4-D4D6AD3EC99E}.Debug|Any CPU.ActiveCfg = Debug|Any CPU
		{5A725B46-562B-445B-A4B4-D4D6AD3EC99E}.Release|Any CPU.ActiveCfg = Release|Any CPU
	EndGlobalSection
	GlobalSection(SolutionProperties) = preSolution
		HideSolutionNode = FALSE
	EndGlobalSection
	GlobalSection(ExtensibilityGlobals) = postSolution
		SolutionGuid = {B20992B9-BEAF-4082-B7D4-3B50772FE0FC}
	EndGlobalSection
EndGlobal
